// !$*UTF8*$!
{
	archiveVersion = 1;
	classes = {
	};
	objectVersion = 46;
	objects = {

/* Begin PBXBuildFile section */
		27F96E0216333B72003A6255 /* AsusFnKeys.cpp in Sources */ = {isa = PBXBuildFile; fileRef = 27F96E0116333B72003A6255 /* AsusFnKeys.cpp */; };
		4C0FAD28212B29680016CFFB /* main.m in Sources */ = {isa = PBXBuildFile; fileRef = 4C0FAD27212B29680016CFFB /* main.m */; };
		4C115058212BBE7E00888D25 /* CoreWLAN.framework in Frameworks */ = {isa = PBXBuildFile; fileRef = 4C115057212BBE7E00888D25 /* CoreWLAN.framework */; };
		4C11505A212BCA6300888D25 /* IOBluetooth.framework in Frameworks */ = {isa = PBXBuildFile; fileRef = 4C115059212BCA6300888D25 /* IOBluetooth.framework */; };
		4C1E3B7F21553EE000FBE803 /* VirtualHIDKeyboard.hpp in Headers */ = {isa = PBXBuildFile; fileRef = 4C1E3B7D21553EE000FBE803 /* VirtualHIDKeyboard.hpp */; };
		4C1E3B8021553EE000FBE803 /* VirtualHIDKeyboard.cpp in Sources */ = {isa = PBXBuildFile; fileRef = 4C1E3B7E21553EE000FBE803 /* VirtualHIDKeyboard.cpp */; };
		4C1E3B822155430B00FBE803 /* karabiner_virtual_hid_device.hpp in Headers */ = {isa = PBXBuildFile; fileRef = 4C1E3B812155430B00FBE803 /* karabiner_virtual_hid_device.hpp */; };
		4C1FD87A212B275600FB5745 /* KernEventServer.cpp in Sources */ = {isa = PBXBuildFile; fileRef = 4C1FD878212B275600FB5745 /* KernEventServer.cpp */; };
		4C1FD87B212B275600FB5745 /* KernEventServer.h in Headers */ = {isa = PBXBuildFile; fileRef = 4C1FD879212B275600FB5745 /* KernEventServer.h */; };
		4C7FF137215404AD000B5DB0 /* KeyImplementations.cpp in Sources */ = {isa = PBXBuildFile; fileRef = 4C7FF135215404AD000B5DB0 /* KeyImplementations.cpp */; };
		4C7FF138215404AD000B5DB0 /* KeyImplementations.hpp in Headers */ = {isa = PBXBuildFile; fileRef = 4C7FF136215404AD000B5DB0 /* KeyImplementations.hpp */; };
		4C7FF168215405CA000B5DB0 /* libkmod.a in Frameworks */ = {isa = PBXBuildFile; fileRef = 4C7FF15C215405AB000B5DB0 /* libkmod.a */; };
/* End PBXBuildFile section */

/* Begin PBXCopyFilesBuildPhase section */
		27F96E2816333F0D003A6255 /* CopyFiles */ = {
			isa = PBXCopyFilesBuildPhase;
			buildActionMask = 2147483647;
			dstPath = "";
			dstSubfolderSpec = 13;
			files = (
			);
			runOnlyForDeploymentPostprocessing = 0;
		};
		4C0FAD23212B29680016CFFB /* CopyFiles */ = {
			isa = PBXCopyFilesBuildPhase;
			buildActionMask = 2147483647;
			dstPath = /usr/share/man/man1/;
			dstSubfolderSpec = 0;
			files = (
			);
			runOnlyForDeploymentPostprocessing = 1;
		};
/* End PBXCopyFilesBuildPhase section */

/* Begin PBXFileReference section */
		27F96DF516333B72003A6255 /* AsusFnKeys.kext */ = {isa = PBXFileReference; explicitFileType = wrapper.cfbundle; includeInIndex = 0; path = AsusFnKeys.kext; sourceTree = BUILT_PRODUCTS_DIR; };
		27F96DFC16333B72003A6255 /* Info.plist */ = {isa = PBXFileReference; lastKnownFileType = text.plist.xml; name = Info.plist; path = AsusFnKeys/Info.plist; sourceTree = "<group>"; };
		27F96E0016333B72003A6255 /* AsusFnKeys.h */ = {isa = PBXFileReference; lastKnownFileType = sourcecode.c.h; path = AsusFnKeys.h; sourceTree = "<group>"; };
		27F96E0116333B72003A6255 /* AsusFnKeys.cpp */ = {isa = PBXFileReference; lastKnownFileType = sourcecode.cpp.cpp; path = AsusFnKeys.cpp; sourceTree = "<group>"; };
		4C0FAD25212B29680016CFFB /* AsusFnKeysDaemon */ = {isa = PBXFileReference; explicitFileType = "compiled.mach-o.executable"; includeInIndex = 0; path = AsusFnKeysDaemon; sourceTree = BUILT_PRODUCTS_DIR; };
		4C0FAD27212B29680016CFFB /* main.m */ = {isa = PBXFileReference; lastKnownFileType = sourcecode.c.objc; path = main.m; sourceTree = "<group>"; };
		4C0FAD2C212B2A0B0016CFFB /* OSD.h */ = {isa = PBXFileReference; fileEncoding = 4; lastKnownFileType = sourcecode.c.h; path = OSD.h; sourceTree = "<group>"; };
		4C0FAD2D212B2A0B0016CFFB /* BezelServices.h */ = {isa = PBXFileReference; fileEncoding = 4; lastKnownFileType = sourcecode.c.h; path = BezelServices.h; sourceTree = "<group>"; };
		4C115057212BBE7E00888D25 /* CoreWLAN.framework */ = {isa = PBXFileReference; lastKnownFileType = wrapper.framework; name = CoreWLAN.framework; path = System/Library/Frameworks/CoreWLAN.framework; sourceTree = SDKROOT; };
		4C115059212BCA6300888D25 /* IOBluetooth.framework */ = {isa = PBXFileReference; lastKnownFileType = wrapper.framework; name = IOBluetooth.framework; path = System/Library/Frameworks/IOBluetooth.framework; sourceTree = SDKROOT; };
		4C1E3B7D21553EE000FBE803 /* VirtualHIDKeyboard.hpp */ = {isa = PBXFileReference; fileEncoding = 4; lastKnownFileType = sourcecode.cpp.h; path = VirtualHIDKeyboard.hpp; sourceTree = "<group>"; };
		4C1E3B7E21553EE000FBE803 /* VirtualHIDKeyboard.cpp */ = {isa = PBXFileReference; fileEncoding = 4; lastKnownFileType = sourcecode.cpp.cpp; path = VirtualHIDKeyboard.cpp; sourceTree = "<group>"; };
		4C1E3B812155430B00FBE803 /* karabiner_virtual_hid_device.hpp */ = {isa = PBXFileReference; fileEncoding = 4; lastKnownFileType = sourcecode.cpp.h; path = karabiner_virtual_hid_device.hpp; sourceTree = "<group>"; };
		4C1FD878212B275600FB5745 /* KernEventServer.cpp */ = {isa = PBXFileReference; fileEncoding = 4; lastKnownFileType = sourcecode.cpp.cpp; path = KernEventServer.cpp; sourceTree = "<group>"; };
		4C1FD879212B275600FB5745 /* KernEventServer.h */ = {isa = PBXFileReference; fileEncoding = 4; lastKnownFileType = sourcecode.c.h; path = KernEventServer.h; sourceTree = "<group>"; };
		4C21E329212B34F400260AEA /* com.hieplpvip.AsusFnKeysDaemon.plist */ = {isa = PBXFileReference; lastKnownFileType = text.plist.xml; path = com.hieplpvip.AsusFnKeysDaemon.plist; sourceTree = "<group>"; };
		4C7FF12721540317000B5DB0 /* kern_smcinfo.hpp */ = {isa = PBXFileReference; lastKnownFileType = sourcecode.cpp.h; path = kern_smcinfo.hpp; sourceTree = "<group>"; };
		4C7FF12821540317000B5DB0 /* kern_vsmcapi.hpp */ = {isa = PBXFileReference; lastKnownFileType = sourcecode.cpp.h; path = kern_vsmcapi.hpp; sourceTree = "<group>"; };
		4C7FF12921540317000B5DB0 /* AppleSmc.h */ = {isa = PBXFileReference; lastKnownFileType = sourcecode.c.h; path = AppleSmc.h; sourceTree = "<group>"; };
		4C7FF12A21540317000B5DB0 /* kern_keyvalue.hpp */ = {isa = PBXFileReference; lastKnownFileType = sourcecode.cpp.h; path = kern_keyvalue.hpp; sourceTree = "<group>"; };
		4C7FF12B21540317000B5DB0 /* kern_value.hpp */ = {isa = PBXFileReference; lastKnownFileType = sourcecode.cpp.h; path = kern_value.hpp; sourceTree = "<group>"; };
		4C7FF12C21540317000B5DB0 /* vsmcatomic.h */ = {isa = PBXFileReference; lastKnownFileType = sourcecode.c.h; path = vsmcatomic.h; sourceTree = "<group>"; };
		4C7FF12D21540317000B5DB0 /* AppleSmcBridge.hpp */ = {isa = PBXFileReference; lastKnownFileType = sourcecode.cpp.h; path = AppleSmcBridge.hpp; sourceTree = "<group>"; };
		4C7FF135215404AD000B5DB0 /* KeyImplementations.cpp */ = {isa = PBXFileReference; lastKnownFileType = sourcecode.cpp.cpp; path = KeyImplementations.cpp; sourceTree = "<group>"; };
		4C7FF136215404AD000B5DB0 /* KeyImplementations.hpp */ = {isa = PBXFileReference; lastKnownFileType = sourcecode.cpp.h; path = KeyImplementations.hpp; sourceTree = "<group>"; };
		4C7FF13A215405AB000B5DB0 /* kern_config.hpp */ = {isa = PBXFileReference; lastKnownFileType = sourcecode.cpp.h; path = kern_config.hpp; sourceTree = "<group>"; };
		4C7FF13B215405AB000B5DB0 /* kern_time.hpp */ = {isa = PBXFileReference; lastKnownFileType = sourcecode.cpp.h; path = kern_time.hpp; sourceTree = "<group>"; };
		4C7FF13C215405AB000B5DB0 /* kern_nvram.hpp */ = {isa = PBXFileReference; lastKnownFileType = sourcecode.cpp.h; path = kern_nvram.hpp; sourceTree = "<group>"; };
		4C7FF13D215405AB000B5DB0 /* kern_cpu.hpp */ = {isa = PBXFileReference; lastKnownFileType = sourcecode.cpp.h; path = kern_cpu.hpp; sourceTree = "<group>"; };
		4C7FF13E215405AB000B5DB0 /* kern_devinfo.hpp */ = {isa = PBXFileReference; lastKnownFileType = sourcecode.cpp.h; path = kern_devinfo.hpp; sourceTree = "<group>"; };
		4C7FF13F215405AB000B5DB0 /* kern_efi.hpp */ = {isa = PBXFileReference; lastKnownFileType = sourcecode.cpp.h; path = kern_efi.hpp; sourceTree = "<group>"; };
		4C7FF140215405AB000B5DB0 /* kern_policy.hpp */ = {isa = PBXFileReference; lastKnownFileType = sourcecode.cpp.h; path = kern_policy.hpp; sourceTree = "<group>"; };
		4C7FF141215405AB000B5DB0 /* kern_user.hpp */ = {isa = PBXFileReference; lastKnownFileType = sourcecode.cpp.h; path = kern_user.hpp; sourceTree = "<group>"; };
		4C7FF142215405AB000B5DB0 /* plugin_start.hpp */ = {isa = PBXFileReference; lastKnownFileType = sourcecode.cpp.h; path = plugin_start.hpp; sourceTree = "<group>"; };
		4C7FF143215405AB000B5DB0 /* kern_iokit.hpp */ = {isa = PBXFileReference; lastKnownFileType = sourcecode.cpp.h; path = kern_iokit.hpp; sourceTree = "<group>"; };
		4C7FF144215405AB000B5DB0 /* kern_crypto.hpp */ = {isa = PBXFileReference; lastKnownFileType = sourcecode.cpp.h; path = kern_crypto.hpp; sourceTree = "<group>"; };
		4C7FF145215405AB000B5DB0 /* kern_mach.hpp */ = {isa = PBXFileReference; lastKnownFileType = sourcecode.cpp.h; path = kern_mach.hpp; sourceTree = "<group>"; };
		4C7FF146215405AB000B5DB0 /* kern_compression.hpp */ = {isa = PBXFileReference; lastKnownFileType = sourcecode.cpp.h; path = kern_compression.hpp; sourceTree = "<group>"; };
		4C7FF147215405AB000B5DB0 /* kern_file.hpp */ = {isa = PBXFileReference; lastKnownFileType = sourcecode.cpp.h; path = kern_file.hpp; sourceTree = "<group>"; };
		4C7FF148215405AB000B5DB0 /* kern_rtc.hpp */ = {isa = PBXFileReference; lastKnownFileType = sourcecode.cpp.h; path = kern_rtc.hpp; sourceTree = "<group>"; };
		4C7FF149215405AB000B5DB0 /* kern_disasm.hpp */ = {isa = PBXFileReference; lastKnownFileType = sourcecode.cpp.h; path = kern_disasm.hpp; sourceTree = "<group>"; };
		4C7FF14B215405AB000B5DB0 /* capstone.h */ = {isa = PBXFileReference; lastKnownFileType = sourcecode.c.h; path = capstone.h; sourceTree = "<group>"; };
		4C7FF14C215405AB000B5DB0 /* mips.h */ = {isa = PBXFileReference; lastKnownFileType = sourcecode.c.h; path = mips.h; sourceTree = "<group>"; };
		4C7FF14D215405AB000B5DB0 /* sparc.h */ = {isa = PBXFileReference; lastKnownFileType = sourcecode.c.h; path = sparc.h; sourceTree = "<group>"; };
		4C7FF14E215405AB000B5DB0 /* systemz.h */ = {isa = PBXFileReference; lastKnownFileType = sourcecode.c.h; path = systemz.h; sourceTree = "<group>"; };
		4C7FF14F215405AB000B5DB0 /* arm.h */ = {isa = PBXFileReference; lastKnownFileType = sourcecode.c.h; path = arm.h; sourceTree = "<group>"; };
		4C7FF150215405AB000B5DB0 /* x86.h */ = {isa = PBXFileReference; lastKnownFileType = sourcecode.c.h; path = x86.h; sourceTree = "<group>"; };
		4C7FF151215405AB000B5DB0 /* ppc.h */ = {isa = PBXFileReference; lastKnownFileType = sourcecode.c.h; path = ppc.h; sourceTree = "<group>"; };
		4C7FF152215405AB000B5DB0 /* arm64.h */ = {isa = PBXFileReference; lastKnownFileType = sourcecode.c.h; path = arm64.h; sourceTree = "<group>"; };
		4C7FF153215405AB000B5DB0 /* xcore.h */ = {isa = PBXFileReference; lastKnownFileType = sourcecode.c.h; path = xcore.h; sourceTree = "<group>"; };
		4C7FF154215405AB000B5DB0 /* platform.h */ = {isa = PBXFileReference; lastKnownFileType = sourcecode.c.h; path = platform.h; sourceTree = "<group>"; };
		4C7FF155215405AB000B5DB0 /* kern_patcher.hpp */ = {isa = PBXFileReference; lastKnownFileType = sourcecode.cpp.h; path = kern_patcher.hpp; sourceTree = "<group>"; };
		4C7FF157215405AB000B5DB0 /* LiluVariables.h */ = {isa = PBXFileReference; lastKnownFileType = sourcecode.c.h; path = LiluVariables.h; sourceTree = "<group>"; };
		4C7FF158215405AB000B5DB0 /* kern_compat.hpp */ = {isa = PBXFileReference; lastKnownFileType = sourcecode.cpp.h; path = kern_compat.hpp; sourceTree = "<group>"; };
		4C7FF159215405AB000B5DB0 /* kern_api.hpp */ = {isa = PBXFileReference; lastKnownFileType = sourcecode.cpp.h; path = kern_api.hpp; sourceTree = "<group>"; };
		4C7FF15A215405AB000B5DB0 /* kern_util.hpp */ = {isa = PBXFileReference; lastKnownFileType = sourcecode.cpp.h; path = kern_util.hpp; sourceTree = "<group>"; };
		4C7FF15C215405AB000B5DB0 /* libkmod.a */ = {isa = PBXFileReference; lastKnownFileType = archive.ar; path = libkmod.a; sourceTree = "<group>"; };
		4C7FF15E215405AB000B5DB0 /* entry64.S */ = {isa = PBXFileReference; lastKnownFileType = sourcecode.asm; path = entry64.S; sourceTree = "<group>"; };
		4C7FF15F215405AB000B5DB0 /* build.tool */ = {isa = PBXFileReference; lastKnownFileType = text.script.sh; path = build.tool; sourceTree = "<group>"; };
		4C7FF160215405AB000B5DB0 /* entry32.S */ = {isa = PBXFileReference; lastKnownFileType = sourcecode.asm; path = entry32.S; sourceTree = "<group>"; };
		4C7FF161215405AB000B5DB0 /* wrappers.inc */ = {isa = PBXFileReference; lastKnownFileType = sourcecode.pascal; path = wrappers.inc; sourceTree = "<group>"; };
		4C7FF163215405AB000B5DB0 /* mac_framework.h */ = {isa = PBXFileReference; lastKnownFileType = sourcecode.c.h; path = mac_framework.h; sourceTree = "<group>"; };
		4C7FF164215405AB000B5DB0 /* mac_policy.h */ = {isa = PBXFileReference; lastKnownFileType = sourcecode.c.h; path = mac_policy.h; sourceTree = "<group>"; };
		4C7FF165215405AB000B5DB0 /* _label.h */ = {isa = PBXFileReference; lastKnownFileType = sourcecode.c.h; path = _label.h; sourceTree = "<group>"; };
		4C7FF166215405AB000B5DB0 /* plugin_start.cpp */ = {isa = PBXFileReference; lastKnownFileType = sourcecode.cpp.cpp; path = plugin_start.cpp; sourceTree = "<group>"; };
		4C7FF167215405AB000B5DB0 /* LegacyIOService.h */ = {isa = PBXFileReference; lastKnownFileType = sourcecode.c.h; path = LegacyIOService.h; sourceTree = "<group>"; };
/* End PBXFileReference section */

/* Begin PBXFrameworksBuildPhase section */
		27F96DF016333B72003A6255 /* Frameworks */ = {
			isa = PBXFrameworksBuildPhase;
			buildActionMask = 2147483647;
			files = (
				4C7FF168215405CA000B5DB0 /* libkmod.a in Frameworks */,
			);
			runOnlyForDeploymentPostprocessing = 0;
		};
		4C0FAD22212B29680016CFFB /* Frameworks */ = {
			isa = PBXFrameworksBuildPhase;
			buildActionMask = 2147483647;
			files = (
				4C11505A212BCA6300888D25 /* IOBluetooth.framework in Frameworks */,
				4C115058212BBE7E00888D25 /* CoreWLAN.framework in Frameworks */,
			);
			runOnlyForDeploymentPostprocessing = 0;
		};
/* End PBXFrameworksBuildPhase section */

/* Begin PBXGroup section */
		27F96DE816333B72003A6255 = {
			isa = PBXGroup;
			children = (
				4C1FD877212B273700FB5745 /* KernEventServer */,
				4C1E3B7821553E8800FBE803 /* VirtualHIDKeyboard */,
				27F96DFA16333B72003A6255 /* AsusFnKeys */,
				4C0FAD26212B29680016CFFB /* AsusFnKeysDaemon */,
				4C2983892154026800A0C847 /* SDK */,
				27F96DF616333B72003A6255 /* Products */,
				27F96DFC16333B72003A6255 /* Info.plist */,
				4C115056212BBE7E00888D25 /* Frameworks */,
			);
			sourceTree = "<group>";
		};
		27F96DF616333B72003A6255 /* Products */ = {
			isa = PBXGroup;
			children = (
				27F96DF516333B72003A6255 /* AsusFnKeys.kext */,
				4C0FAD25212B29680016CFFB /* AsusFnKeysDaemon */,
			);
			name = Products;
			sourceTree = "<group>";
		};
		27F96DFA16333B72003A6255 /* AsusFnKeys */ = {
			isa = PBXGroup;
			children = (
				27F96E0016333B72003A6255 /* AsusFnKeys.h */,
				27F96E0116333B72003A6255 /* AsusFnKeys.cpp */,
				4C7FF135215404AD000B5DB0 /* KeyImplementations.cpp */,
				4C7FF136215404AD000B5DB0 /* KeyImplementations.hpp */,
			);
			path = AsusFnKeys;
			sourceTree = "<group>";
		};
		4C0FAD26212B29680016CFFB /* AsusFnKeysDaemon */ = {
			isa = PBXGroup;
			children = (
				4C0FAD2D212B2A0B0016CFFB /* BezelServices.h */,
				4C0FAD2C212B2A0B0016CFFB /* OSD.h */,
				4C0FAD27212B29680016CFFB /* main.m */,
				4C21E329212B34F400260AEA /* com.hieplpvip.AsusFnKeysDaemon.plist */,
			);
			path = AsusFnKeysDaemon;
			sourceTree = "<group>";
		};
		4C115056212BBE7E00888D25 /* Frameworks */ = {
			isa = PBXGroup;
			children = (
				4C115059212BCA6300888D25 /* IOBluetooth.framework */,
				4C115057212BBE7E00888D25 /* CoreWLAN.framework */,
			);
			name = Frameworks;
			sourceTree = "<group>";
		};
		4C1E3B7821553E8800FBE803 /* VirtualHIDKeyboard */ = {
			isa = PBXGroup;
			children = (
				4C1E3B812155430B00FBE803 /* karabiner_virtual_hid_device.hpp */,
				4C1E3B7E21553EE000FBE803 /* VirtualHIDKeyboard.cpp */,
				4C1E3B7D21553EE000FBE803 /* VirtualHIDKeyboard.hpp */,
			);
			path = VirtualHIDKeyboard;
			sourceTree = "<group>";
		};
		4C1FD877212B273700FB5745 /* KernEventServer */ = {
			isa = PBXGroup;
			children = (
				4C1FD878212B275600FB5745 /* KernEventServer.cpp */,
				4C1FD879212B275600FB5745 /* KernEventServer.h */,
			);
			path = KernEventServer;
			sourceTree = "<group>";
		};
		4C2983892154026800A0C847 /* SDK */ = {
			isa = PBXGroup;
			children = (
				4C7FF139215405AB000B5DB0 /* Headers */,
				4C7FF15B215405AB000B5DB0 /* Library */,
				4C7FF12621540317000B5DB0 /* VirtualSMCSDK */,
			);
			name = SDK;
			sourceTree = "<group>";
		};
		4C7FF12621540317000B5DB0 /* VirtualSMCSDK */ = {
			isa = PBXGroup;
			children = (
				4C7FF12721540317000B5DB0 /* kern_smcinfo.hpp */,
				4C7FF12821540317000B5DB0 /* kern_vsmcapi.hpp */,
				4C7FF12921540317000B5DB0 /* AppleSmc.h */,
				4C7FF12A21540317000B5DB0 /* kern_keyvalue.hpp */,
				4C7FF12B21540317000B5DB0 /* kern_value.hpp */,
				4C7FF12C21540317000B5DB0 /* vsmcatomic.h */,
				4C7FF12D21540317000B5DB0 /* AppleSmcBridge.hpp */,
			);
			name = VirtualSMCSDK;
			path = VirtualSMC.kext/Contents/Resources/VirtualSMCSDK;
			sourceTree = "<group>";
		};
		4C7FF139215405AB000B5DB0 /* Headers */ = {
			isa = PBXGroup;
			children = (
				4C7FF13A215405AB000B5DB0 /* kern_config.hpp */,
				4C7FF13B215405AB000B5DB0 /* kern_time.hpp */,
				4C7FF13C215405AB000B5DB0 /* kern_nvram.hpp */,
				4C7FF13D215405AB000B5DB0 /* kern_cpu.hpp */,
				4C7FF13E215405AB000B5DB0 /* kern_devinfo.hpp */,
				4C7FF13F215405AB000B5DB0 /* kern_efi.hpp */,
				4C7FF140215405AB000B5DB0 /* kern_policy.hpp */,
				4C7FF141215405AB000B5DB0 /* kern_user.hpp */,
				4C7FF142215405AB000B5DB0 /* plugin_start.hpp */,
				4C7FF143215405AB000B5DB0 /* kern_iokit.hpp */,
				4C7FF144215405AB000B5DB0 /* kern_crypto.hpp */,
				4C7FF145215405AB000B5DB0 /* kern_mach.hpp */,
				4C7FF146215405AB000B5DB0 /* kern_compression.hpp */,
				4C7FF147215405AB000B5DB0 /* kern_file.hpp */,
				4C7FF148215405AB000B5DB0 /* kern_rtc.hpp */,
				4C7FF149215405AB000B5DB0 /* kern_disasm.hpp */,
				4C7FF14A215405AB000B5DB0 /* capstone */,
				4C7FF155215405AB000B5DB0 /* kern_patcher.hpp */,
				4C7FF156215405AB000B5DB0 /* Guid */,
				4C7FF158215405AB000B5DB0 /* kern_compat.hpp */,
				4C7FF159215405AB000B5DB0 /* kern_api.hpp */,
				4C7FF15A215405AB000B5DB0 /* kern_util.hpp */,
			);
			name = Headers;
			path = Lilu.kext/Contents/Resources/Headers;
			sourceTree = "<group>";
		};
		4C7FF14A215405AB000B5DB0 /* capstone */ = {
			isa = PBXGroup;
			children = (
				4C7FF14B215405AB000B5DB0 /* capstone.h */,
				4C7FF14C215405AB000B5DB0 /* mips.h */,
				4C7FF14D215405AB000B5DB0 /* sparc.h */,
				4C7FF14E215405AB000B5DB0 /* systemz.h */,
				4C7FF14F215405AB000B5DB0 /* arm.h */,
				4C7FF150215405AB000B5DB0 /* x86.h */,
				4C7FF151215405AB000B5DB0 /* ppc.h */,
				4C7FF152215405AB000B5DB0 /* arm64.h */,
				4C7FF153215405AB000B5DB0 /* xcore.h */,
				4C7FF154215405AB000B5DB0 /* platform.h */,
			);
			path = capstone;
			sourceTree = "<group>";
		};
		4C7FF156215405AB000B5DB0 /* Guid */ = {
			isa = PBXGroup;
			children = (
				4C7FF157215405AB000B5DB0 /* LiluVariables.h */,
			);
			path = Guid;
			sourceTree = "<group>";
		};
		4C7FF15B215405AB000B5DB0 /* Library */ = {
			isa = PBXGroup;
			children = (
				4C7FF15C215405AB000B5DB0 /* libkmod.a */,
				4C7FF15D215405AB000B5DB0 /* wrappers */,
				4C7FF162215405AB000B5DB0 /* security */,
				4C7FF166215405AB000B5DB0 /* plugin_start.cpp */,
				4C7FF167215405AB000B5DB0 /* LegacyIOService.h */,
			);
			name = Library;
			path = Lilu.kext/Contents/Resources/Library;
			sourceTree = "<group>";
		};
		4C7FF15D215405AB000B5DB0 /* wrappers */ = {
			isa = PBXGroup;
			children = (
				4C7FF15E215405AB000B5DB0 /* entry64.S */,
				4C7FF15F215405AB000B5DB0 /* build.tool */,
				4C7FF160215405AB000B5DB0 /* entry32.S */,
				4C7FF161215405AB000B5DB0 /* wrappers.inc */,
			);
			path = wrappers;
			sourceTree = "<group>";
		};
		4C7FF162215405AB000B5DB0 /* security */ = {
			isa = PBXGroup;
			children = (
				4C7FF163215405AB000B5DB0 /* mac_framework.h */,
				4C7FF164215405AB000B5DB0 /* mac_policy.h */,
				4C7FF165215405AB000B5DB0 /* _label.h */,
			);
			path = security;
			sourceTree = "<group>";
		};
/* End PBXGroup section */

/* Begin PBXHeadersBuildPhase section */
		27F96DF116333B72003A6255 /* Headers */ = {
			isa = PBXHeadersBuildPhase;
			buildActionMask = 2147483647;
			files = (
				4C1E3B7F21553EE000FBE803 /* VirtualHIDKeyboard.hpp in Headers */,
				4C7FF138215404AD000B5DB0 /* KeyImplementations.hpp in Headers */,
				4C1E3B822155430B00FBE803 /* karabiner_virtual_hid_device.hpp in Headers */,
				4C1FD87B212B275600FB5745 /* KernEventServer.h in Headers */,
			);
			runOnlyForDeploymentPostprocessing = 0;
		};
/* End PBXHeadersBuildPhase section */

/* Begin PBXNativeTarget section */
		27F96DF416333B72003A6255 /* AsusFnKeys */ = {
			isa = PBXNativeTarget;
			buildConfigurationList = 27F96E0616333B72003A6255 /* Build configuration list for PBXNativeTarget "AsusFnKeys" */;
			buildPhases = (
				27F96DEF16333B72003A6255 /* Sources */,
				27F96DF016333B72003A6255 /* Frameworks */,
				27F96DF116333B72003A6255 /* Headers */,
				27F96DF216333B72003A6255 /* Resources */,
				27F96DF316333B72003A6255 /* Rez */,
				27F96E2816333F0D003A6255 /* CopyFiles */,
			);
			buildRules = (
			);
			dependencies = (
			);
			name = AsusFnKeys;
			productName = AsusNBWMI;
			productReference = 27F96DF516333B72003A6255 /* AsusFnKeys.kext */;
			productType = "com.apple.product-type.kernel-extension";
		};
		4C0FAD24212B29680016CFFB /* AsusFnKeysDaemon */ = {
			isa = PBXNativeTarget;
			buildConfigurationList = 4C0FAD2B212B29680016CFFB /* Build configuration list for PBXNativeTarget "AsusFnKeysDaemon" */;
			buildPhases = (
				4C0FAD21212B29680016CFFB /* Sources */,
				4C0FAD22212B29680016CFFB /* Frameworks */,
				4C0FAD23212B29680016CFFB /* CopyFiles */,
			);
			buildRules = (
			);
			dependencies = (
			);
			name = AsusFnKeysDaemon;
			productName = AsusFnKeysDaemon;
			productReference = 4C0FAD25212B29680016CFFB /* AsusFnKeysDaemon */;
			productType = "com.apple.product-type.tool";
		};
/* End PBXNativeTarget section */

/* Begin PBXProject section */
		27F96DEA16333B72003A6255 /* Project object */ = {
			isa = PBXProject;
			attributes = {
				LastUpgradeCheck = 0940;
				ORGANIZATIONNAME = "Le Bao Hiep";
			};
			buildConfigurationList = 27F96DED16333B72003A6255 /* Build configuration list for PBXProject "AsusFnKeys" */;
			compatibilityVersion = "Xcode 3.2";
			developmentRegion = English;
			hasScannedForEncodings = 0;
			knownRegions = (
				en,
			);
			mainGroup = 27F96DE816333B72003A6255;
			productRefGroup = 27F96DF616333B72003A6255 /* Products */;
			projectDirPath = "";
			projectRoot = "";
			targets = (
				27F96DF416333B72003A6255 /* AsusFnKeys */,
				4C0FAD24212B29680016CFFB /* AsusFnKeysDaemon */,
			);
		};
/* End PBXProject section */

/* Begin PBXResourcesBuildPhase section */
		27F96DF216333B72003A6255 /* Resources */ = {
			isa = PBXResourcesBuildPhase;
			buildActionMask = 2147483647;
			files = (
			);
			runOnlyForDeploymentPostprocessing = 0;
		};
/* End PBXResourcesBuildPhase section */

/* Begin PBXRezBuildPhase section */
		27F96DF316333B72003A6255 /* Rez */ = {
			isa = PBXRezBuildPhase;
			buildActionMask = 2147483647;
			files = (
			);
			runOnlyForDeploymentPostprocessing = 0;
		};
/* End PBXRezBuildPhase section */

/* Begin PBXSourcesBuildPhase section */
		27F96DEF16333B72003A6255 /* Sources */ = {
			isa = PBXSourcesBuildPhase;
			buildActionMask = 2147483647;
			files = (
				27F96E0216333B72003A6255 /* AsusFnKeys.cpp in Sources */,
				4C1FD87A212B275600FB5745 /* KernEventServer.cpp in Sources */,
				4C7FF137215404AD000B5DB0 /* KeyImplementations.cpp in Sources */,
				4C1E3B8021553EE000FBE803 /* VirtualHIDKeyboard.cpp in Sources */,
			);
			runOnlyForDeploymentPostprocessing = 0;
		};
		4C0FAD21212B29680016CFFB /* Sources */ = {
			isa = PBXSourcesBuildPhase;
			buildActionMask = 2147483647;
			files = (
				4C0FAD28212B29680016CFFB /* main.m in Sources */,
			);
			runOnlyForDeploymentPostprocessing = 0;
		};
/* End PBXSourcesBuildPhase section */

/* Begin XCBuildConfiguration section */
		27F96E0416333B72003A6255 /* Debug */ = {
			isa = XCBuildConfiguration;
			buildSettings = {
				ALWAYS_SEARCH_USER_PATHS = NO;
				CLANG_CXX_LANGUAGE_STANDARD = "c++14";
				CLANG_CXX_LIBRARY = "libc++";
				CLANG_WARN_BLOCK_CAPTURE_AUTORELEASING = YES;
				CLANG_WARN_BOOL_CONVERSION = YES;
				CLANG_WARN_COMMA = YES;
				CLANG_WARN_CONSTANT_CONVERSION = YES;
				CLANG_WARN_DEPRECATED_OBJC_IMPLEMENTATIONS = YES;
				CLANG_WARN_EMPTY_BODY = YES;
				CLANG_WARN_ENUM_CONVERSION = YES;
				CLANG_WARN_INFINITE_RECURSION = YES;
				CLANG_WARN_INT_CONVERSION = YES;
				CLANG_WARN_NON_LITERAL_NULL_CONVERSION = YES;
				CLANG_WARN_OBJC_IMPLICIT_RETAIN_SELF = YES;
				CLANG_WARN_OBJC_LITERAL_CONVERSION = YES;
				CLANG_WARN_RANGE_LOOP_ANALYSIS = YES;
				CLANG_WARN_STRICT_PROTOTYPES = YES;
				CLANG_WARN_SUSPICIOUS_MOVE = YES;
				CLANG_WARN_UNREACHABLE_CODE = YES;
				CLANG_WARN__DUPLICATE_METHOD_MATCH = YES;
				COPY_PHASE_STRIP = NO;
				DEBUG_INFORMATION_FORMAT = dwarf;
				ENABLE_STRICT_OBJC_MSGSEND = YES;
				ENABLE_TESTABILITY = YES;
				GCC_C_LANGUAGE_STANDARD = c11;
				GCC_DYNAMIC_NO_PIC = NO;
				GCC_ENABLE_OBJC_EXCEPTIONS = YES;
				GCC_NO_COMMON_BLOCKS = YES;
				GCC_OPTIMIZATION_LEVEL = 0;
				GCC_PREPROCESSOR_DEFINITIONS = (
					"DEBUG=1",
					"$(inherited)",
				);
				GCC_SYMBOLS_PRIVATE_EXTERN = NO;
				GCC_WARN_64_TO_32_BIT_CONVERSION = YES;
				GCC_WARN_ABOUT_RETURN_TYPE = YES;
				GCC_WARN_UNDECLARED_SELECTOR = YES;
				GCC_WARN_UNINITIALIZED_AUTOS = YES;
				GCC_WARN_UNUSED_FUNCTION = YES;
				GCC_WARN_UNUSED_VARIABLE = YES;
				MODULE_NAME = com.hieplpvip.AsusFnKeys;
				MODULE_VERSION = 1.0.2;
				ONLY_ACTIVE_ARCH = YES;
			};
			name = Debug;
		};
		27F96E0516333B72003A6255 /* Release */ = {
			isa = XCBuildConfiguration;
			buildSettings = {
				ALWAYS_SEARCH_USER_PATHS = NO;
				CLANG_CXX_LANGUAGE_STANDARD = "c++14";
				CLANG_CXX_LIBRARY = "libc++";
				CLANG_WARN_BLOCK_CAPTURE_AUTORELEASING = YES;
				CLANG_WARN_BOOL_CONVERSION = YES;
				CLANG_WARN_COMMA = YES;
				CLANG_WARN_CONSTANT_CONVERSION = YES;
				CLANG_WARN_DEPRECATED_OBJC_IMPLEMENTATIONS = YES;
				CLANG_WARN_EMPTY_BODY = YES;
				CLANG_WARN_ENUM_CONVERSION = YES;
				CLANG_WARN_INFINITE_RECURSION = YES;
				CLANG_WARN_INT_CONVERSION = YES;
				CLANG_WARN_NON_LITERAL_NULL_CONVERSION = YES;
				CLANG_WARN_OBJC_IMPLICIT_RETAIN_SELF = YES;
				CLANG_WARN_OBJC_LITERAL_CONVERSION = YES;
				CLANG_WARN_RANGE_LOOP_ANALYSIS = YES;
				CLANG_WARN_STRICT_PROTOTYPES = YES;
				CLANG_WARN_SUSPICIOUS_MOVE = YES;
				CLANG_WARN_UNREACHABLE_CODE = YES;
				CLANG_WARN__DUPLICATE_METHOD_MATCH = YES;
				DEBUG_INFORMATION_FORMAT = "dwarf-with-dsym";
				ENABLE_STRICT_OBJC_MSGSEND = YES;
				GCC_C_LANGUAGE_STANDARD = c11;
				GCC_ENABLE_OBJC_EXCEPTIONS = YES;
				GCC_NO_COMMON_BLOCKS = YES;
				GCC_WARN_64_TO_32_BIT_CONVERSION = YES;
				GCC_WARN_ABOUT_RETURN_TYPE = YES;
				GCC_WARN_UNDECLARED_SELECTOR = YES;
				GCC_WARN_UNINITIALIZED_AUTOS = YES;
				GCC_WARN_UNUSED_FUNCTION = YES;
				GCC_WARN_UNUSED_VARIABLE = YES;
				MODULE_NAME = com.hieplpvip.AsusFnKeys;
				MODULE_VERSION = 1.0.2;
			};
			name = Release;
		};
		27F96E0716333B72003A6255 /* Debug */ = {
			isa = XCBuildConfiguration;
			buildSettings = {
				CLANG_ENABLE_OBJC_WEAK = YES;
				CURRENT_PROJECT_VERSION = 1.0.2;
				HEADER_SEARCH_PATHS = (
					"$(PROJECT_DIR)/VirtualSMC.kext/Contents/Resources/",
					"$(PROJECT_DIR)/Lilu.kext/Contents/Resources/",
				);
				INFOPLIST_FILE = AsusFnKeys/Info.plist;
				LIBRARY_SEARCH_PATHS = (
					"$(inherited)",
					"$(PROJECT_DIR)/Lilu.kext/Contents/Resources/Library",
				);
				MODULE_NAME = com.hieplpvip.AsusFnKeys;
				MODULE_VERSION = 1.0.2;
				PRODUCT_BUNDLE_IDENTIFIER = "com.hieplpvip.${PRODUCT_NAME:rfc1034identifier}";
				PRODUCT_NAME = AsusFnKeys;
				WRAPPER_EXTENSION = kext;
			};
			name = Debug;
		};
		27F96E0816333B72003A6255 /* Release */ = {
			isa = XCBuildConfiguration;
			buildSettings = {
				CLANG_ENABLE_OBJC_WEAK = YES;
				CURRENT_PROJECT_VERSION = 1.0.2;
				HEADER_SEARCH_PATHS = (
					"$(PROJECT_DIR)/VirtualSMC.kext/Contents/Resources/",
					"$(PROJECT_DIR)/Lilu.kext/Contents/Resources/",
				);
				INFOPLIST_FILE = AsusFnKeys/Info.plist;
				LIBRARY_SEARCH_PATHS = (
					"$(inherited)",
					"$(PROJECT_DIR)/Lilu.kext/Contents/Resources/Library",
				);
				MODULE_NAME = com.hieplpvip.AsusFnKeys;
				MODULE_VERSION = 1.0.2;
				PRODUCT_BUNDLE_IDENTIFIER = "com.hieplpvip.${PRODUCT_NAME:rfc1034identifier}";
				PRODUCT_NAME = AsusFnKeys;
				WRAPPER_EXTENSION = kext;
			};
			name = Release;
		};
		4C0FAD29212B29680016CFFB /* Debug */ = {
			isa = XCBuildConfiguration;
			buildSettings = {
				CLANG_ANALYZER_NONNULL = YES;
				CLANG_ANALYZER_NUMBER_OBJECT_CONVERSION = YES_AGGRESSIVE;
				CLANG_CXX_LANGUAGE_STANDARD = "gnu++14";
				CLANG_ENABLE_MODULES = YES;
				CLANG_ENABLE_OBJC_ARC = YES;
				CLANG_ENABLE_OBJC_WEAK = YES;
				CLANG_WARN_BLOCK_CAPTURE_AUTORELEASING = YES;
				CLANG_WARN_BOOL_CONVERSION = YES;
				CLANG_WARN_COMMA = YES;
				CLANG_WARN_CONSTANT_CONVERSION = YES;
				CLANG_WARN_DEPRECATED_OBJC_IMPLEMENTATIONS = YES;
				CLANG_WARN_DIRECT_OBJC_ISA_USAGE = YES_ERROR;
				CLANG_WARN_DOCUMENTATION_COMMENTS = YES;
				CLANG_WARN_ENUM_CONVERSION = YES;
				CLANG_WARN_INFINITE_RECURSION = YES;
				CLANG_WARN_INT_CONVERSION = YES;
				CLANG_WARN_NON_LITERAL_NULL_CONVERSION = YES;
				CLANG_WARN_OBJC_IMPLICIT_RETAIN_SELF = YES;
				CLANG_WARN_OBJC_LITERAL_CONVERSION = YES;
				CLANG_WARN_OBJC_ROOT_CLASS = YES_ERROR;
				CLANG_WARN_RANGE_LOOP_ANALYSIS = YES;
				CLANG_WARN_SUSPICIOUS_MOVE = YES;
				CLANG_WARN_UNGUARDED_AVAILABILITY = YES_AGGRESSIVE;
				CLANG_WARN_UNREACHABLE_CODE = YES;
				ENABLE_TESTABILITY = YES;
				GCC_WARN_ABOUT_RETURN_TYPE = YES_ERROR;
				GCC_WARN_UNDECLARED_SELECTOR = YES;
				GCC_WARN_UNUSED_FUNCTION = YES;
				MODULE_NAME = com.hieplpvip.AsusFnKeysDaemon;
				MODULE_VERSION = 1.0.2;
				MTL_ENABLE_DEBUG_INFO = YES;
				PRODUCT_NAME = "$(TARGET_NAME)";
			};
			name = Debug;
		};
		4C0FAD2A212B29680016CFFB /* Release */ = {
			isa = XCBuildConfiguration;
			buildSettings = {
				CLANG_ANALYZER_NONNULL = YES;
				CLANG_ANALYZER_NUMBER_OBJECT_CONVERSION = YES_AGGRESSIVE;
				CLANG_CXX_LANGUAGE_STANDARD = "gnu++14";
				CLANG_ENABLE_MODULES = YES;
				CLANG_ENABLE_OBJC_ARC = YES;
				CLANG_ENABLE_OBJC_WEAK = YES;
				CLANG_WARN_BLOCK_CAPTURE_AUTORELEASING = YES;
				CLANG_WARN_BOOL_CONVERSION = YES;
				CLANG_WARN_COMMA = YES;
				CLANG_WARN_CONSTANT_CONVERSION = YES;
				CLANG_WARN_DEPRECATED_OBJC_IMPLEMENTATIONS = YES;
				CLANG_WARN_DIRECT_OBJC_ISA_USAGE = YES_ERROR;
				CLANG_WARN_DOCUMENTATION_COMMENTS = YES;
				CLANG_WARN_ENUM_CONVERSION = YES;
				CLANG_WARN_INFINITE_RECURSION = YES;
				CLANG_WARN_INT_CONVERSION = YES;
				CLANG_WARN_NON_LITERAL_NULL_CONVERSION = YES;
				CLANG_WARN_OBJC_IMPLICIT_RETAIN_SELF = YES;
				CLANG_WARN_OBJC_LITERAL_CONVERSION = YES;
				CLANG_WARN_OBJC_ROOT_CLASS = YES_ERROR;
				CLANG_WARN_RANGE_LOOP_ANALYSIS = YES;
				CLANG_WARN_SUSPICIOUS_MOVE = YES;
				CLANG_WARN_UNGUARDED_AVAILABILITY = YES_AGGRESSIVE;
				CLANG_WARN_UNREACHABLE_CODE = YES;
				COPY_PHASE_STRIP = NO;
				ENABLE_NS_ASSERTIONS = NO;
				GCC_WARN_ABOUT_RETURN_TYPE = YES_ERROR;
				GCC_WARN_UNDECLARED_SELECTOR = YES;
				GCC_WARN_UNUSED_FUNCTION = YES;
				MODULE_NAME = com.hieplpvip.AsusFnKeysDaemon;
				MODULE_VERSION = 1.0.2;
				MTL_ENABLE_DEBUG_INFO = NO;
				PRODUCT_NAME = "$(TARGET_NAME)";
			};
			name = Release;
		};
/* End XCBuildConfiguration section */

/* Begin XCConfigurationList section */
		27F96DED16333B72003A6255 /* Build configuration list for PBXProject "AsusFnKeys" */ = {
			isa = XCConfigurationList;
			buildConfigurations = (
				27F96E0416333B72003A6255 /* Debug */,
				27F96E0516333B72003A6255 /* Release */,
			);
			defaultConfigurationIsVisible = 0;
			defaultConfigurationName = Release;
		};
		27F96E0616333B72003A6255 /* Build configuration list for PBXNativeTarget "AsusFnKeys" */ = {
			isa = XCConfigurationList;
			buildConfigurations = (
				27F96E0716333B72003A6255 /* Debug */,
				27F96E0816333B72003A6255 /* Release */,
			);
			defaultConfigurationIsVisible = 0;
			defaultConfigurationName = Release;
		};
		4C0FAD2B212B29680016CFFB /* Build configuration list for PBXNativeTarget "AsusFnKeysDaemon" */ = {
			isa = XCConfigurationList;
			buildConfigurations = (
				4C0FAD29212B29680016CFFB /* Debug */,
				4C0FAD2A212B29680016CFFB /* Release */,
			);
			defaultConfigurationIsVisible = 0;
			defaultConfigurationName = Release;
		};
/* End XCConfigurationList section */
	};
	rootObject = 27F96DEA16333B72003A6255 /* Project object */;
}
